
Microsoft Visual Studio Solution File, Format Version 12.00
# Visual Studio Version 17
VisualStudioVersion = 17.4.32916.344
MinimumVisualStudioVersion = 10.0.40219.1
Project("{9A19103F-16F7-4668-BE54-9A1E7A4F7556}") = "Murder", "src\Murder\Murder.csproj", "{D34E227F-593A-47FA-B7C7-34236DE5715F}"
EndProject
Project("{9A19103F-16F7-4668-BE54-9A1E7A4F7556}") = "Murder.Editor", "src\Murder.Editor\Murder.Editor.csproj", "{A0D37E85-85DB-4ABA-BC9E-D4EE6009E0BC}"
EndProject
Project("{9A19103F-16F7-4668-BE54-9A1E7A4F7556}") = "Bang.Generator", "bang\src\Bang.Generator\Bang.Generator.csproj", "{1824621B-0F91-4B69-B770-BAF471F6137E}"
EndProject
Project("{9A19103F-16F7-4668-BE54-9A1E7A4F7556}") = "Bang", "bang\src\Bang\Bang.csproj", "{5BB42532-EB96-40A7-9601-E538CBAB31FD}"
EndProject
Project("{9A19103F-16F7-4668-BE54-9A1E7A4F7556}") = "Bang.Analyzers", "bang\src\Bang.Analyzers\Bang.Analyzers.csproj", "{C026EFCE-667C-49A5-A159-34F260EE2C71}"
EndProject
Project("{9A19103F-16F7-4668-BE54-9A1E7A4F7556}") = "Gum", "gum\src\Gum\Gum.csproj", "{F337083A-0095-48CF-8B00-2259A4C60913}"
EndProject
Project("{9A19103F-16F7-4668-BE54-9A1E7A4F7556}") = "Murder.Analyzers", "src\Murder.Analyzers\Murder.Analyzers.csproj", "{F0ECAD2C-7DBE-4F8B-AA58-E74458D26625}"
EndProject
Project("{9A19103F-16F7-4668-BE54-9A1E7A4F7556}") = "Murder.Analyzers.Tests", "src\Murder.Analyzers.Tests\Murder.Analyzers.Tests.csproj", "{0F707605-180A-4277-906C-F1ECEF68A444}"
EndProject
Project("{9A19103F-16F7-4668-BE54-9A1E7A4F7556}") = "Murder.Serializer", "src\Murder.Serializer\Murder.Serializer.csproj", "{5FDD025A-87AF-460F-9680-4E9065CC2294}"
EndProject
Project("{FAE04EC0-301F-11D3-BF4B-00C04F79EFBC}") = "Murder.Tests", "src\Murder.Tests\Murder.Tests.csproj", "{83C32CF4-80FD-48AE-B20E-AA0993B08697}"
EndProject
Global
	GlobalSection(SolutionConfigurationPlatforms) = preSolution
		Debug|Any CPU = Debug|Any CPU
		Release|Any CPU = Release|Any CPU
	EndGlobalSection
	GlobalSection(ProjectConfigurationPlatforms) = postSolution
		{D34E227F-593A-47FA-B7C7-34236DE5715F}.Debug|Any CPU.ActiveCfg = Debug|Any CPU
		{D34E227F-593A-47FA-B7C7-34236DE5715F}.Debug|Any CPU.Build.0 = Debug|Any CPU
		{D34E227F-593A-47FA-B7C7-34236DE5715F}.Release|Any CPU.ActiveCfg = Release|Any CPU
		{D34E227F-593A-47FA-B7C7-34236DE5715F}.Release|Any CPU.Build.0 = Release|Any CPU
		{A0D37E85-85DB-4ABA-BC9E-D4EE6009E0BC}.Debug|Any CPU.ActiveCfg = Debug|Any CPU
		{A0D37E85-85DB-4ABA-BC9E-D4EE6009E0BC}.Debug|Any CPU.Build.0 = Debug|Any CPU
		{A0D37E85-85DB-4ABA-BC9E-D4EE6009E0BC}.Release|Any CPU.ActiveCfg = Release|Any CPU
		{A0D37E85-85DB-4ABA-BC9E-D4EE6009E0BC}.Release|Any CPU.Build.0 = Release|Any CPU
		{1824621B-0F91-4B69-B770-BAF471F6137E}.Debug|Any CPU.ActiveCfg = Debug|Any CPU
		{1824621B-0F91-4B69-B770-BAF471F6137E}.Debug|Any CPU.Build.0 = Debug|Any CPU
		{1824621B-0F91-4B69-B770-BAF471F6137E}.Release|Any CPU.ActiveCfg = Release|Any CPU
		{1824621B-0F91-4B69-B770-BAF471F6137E}.Release|Any CPU.Build.0 = Release|Any CPU
		{5BB42532-EB96-40A7-9601-E538CBAB31FD}.Debug|Any CPU.ActiveCfg = Debug|Any CPU
		{5BB42532-EB96-40A7-9601-E538CBAB31FD}.Debug|Any CPU.Build.0 = Debug|Any CPU
		{5BB42532-EB96-40A7-9601-E538CBAB31FD}.Release|Any CPU.ActiveCfg = Release|Any CPU
		{5BB42532-EB96-40A7-9601-E538CBAB31FD}.Release|Any CPU.Build.0 = Release|Any CPU
		{C026EFCE-667C-49A5-A159-34F260EE2C71}.Debug|Any CPU.ActiveCfg = Debug|Any CPU
		{C026EFCE-667C-49A5-A159-34F260EE2C71}.Debug|Any CPU.Build.0 = Debug|Any CPU
		{C026EFCE-667C-49A5-A159-34F260EE2C71}.Release|Any CPU.ActiveCfg = Release|Any CPU
		{C026EFCE-667C-49A5-A159-34F260EE2C71}.Release|Any CPU.Build.0 = Release|Any CPU
		{F337083A-0095-48CF-8B00-2259A4C60913}.Debug|Any CPU.ActiveCfg = Debug|Any CPU
		{F337083A-0095-48CF-8B00-2259A4C60913}.Debug|Any CPU.Build.0 = Debug|Any CPU
		{F337083A-0095-48CF-8B00-2259A4C60913}.Release|Any CPU.ActiveCfg = Release|Any CPU
		{F337083A-0095-48CF-8B00-2259A4C60913}.Release|Any CPU.Build.0 = Release|Any CPU
		{F0ECAD2C-7DBE-4F8B-AA58-E74458D26625}.Debug|Any CPU.ActiveCfg = Debug|Any CPU
		{F0ECAD2C-7DBE-4F8B-AA58-E74458D26625}.Debug|Any CPU.Build.0 = Debug|Any CPU
		{F0ECAD2C-7DBE-4F8B-AA58-E74458D26625}.Release|Any CPU.ActiveCfg = Release|Any CPU
		{F0ECAD2C-7DBE-4F8B-AA58-E74458D26625}.Release|Any CPU.Build.0 = Release|Any CPU
		{0F707605-180A-4277-906C-F1ECEF68A444}.Debug|Any CPU.ActiveCfg = Debug|Any CPU
		{0F707605-180A-4277-906C-F1ECEF68A444}.Debug|Any CPU.Build.0 = Debug|Any CPU
		{0F707605-180A-4277-906C-F1ECEF68A444}.Release|Any CPU.ActiveCfg = Release|Any CPU
		{0F707605-180A-4277-906C-F1ECEF68A444}.Release|Any CPU.Build.0 = Release|Any CPU
		{5FDD025A-87AF-460F-9680-4E9065CC2294}.Debug|Any CPU.ActiveCfg = Debug|Any CPU
		{5FDD025A-87AF-460F-9680-4E9065CC2294}.Debug|Any CPU.Build.0 = Debug|Any CPU
		{5FDD025A-87AF-460F-9680-4E9065CC2294}.Release|Any CPU.ActiveCfg = Release|Any CPU
		{5FDD025A-87AF-460F-9680-4E9065CC2294}.Release|Any CPU.Build.0 = Release|Any CPU
		{83C32CF4-80FD-48AE-B20E-AA0993B08697}.Debug|Any CPU.ActiveCfg = Debug|Any CPU
		{83C32CF4-80FD-48AE-B20E-AA0993B08697}.Debug|Any CPU.Build.0 = Debug|Any CPU
		{83C32CF4-80FD-48AE-B20E-AA0993B08697}.Release|Any CPU.ActiveCfg = Release|Any CPU
		{83C32CF4-80FD-48AE-B20E-AA0993B08697}.Release|Any CPU.Build.0 = Release|Any CPU
	EndGlobalSection
	GlobalSection(SolutionProperties) = preSolution
		HideSolutionNode = FALSE
	EndGlobalSection
	GlobalSection(ExtensibilityGlobals) = postSolution
		SolutionGuid = {0A1E1455-C19B-4830-A94F-D7FBF51BBA79}
	EndGlobalSection
EndGlobal
